
Microsoft Visual Studio Solution File, Format Version 12.00
# Visual Studio 15
VisualStudioVersion = 15.0.28307.168
MinimumVisualStudioVersion = 10.0.40219.1
Project("{9A19103F-16F7-4668-BE54-9A1E7A4F7556}") = "ReverseProxyApplication", "ReverseProxyApplication.csproj", "{13BC052D-B836-41C9-A7C9-06E977020624}"
EndProject
Global
	GlobalSection(SolutionConfigurationPlatforms) = preSolution
		Debug|Any CPU = Debug|Any CPU
		Release|Any CPU = Release|Any CPU
	EndGlobalSection
	GlobalSection(ProjectConfigurationPlatforms) = postSolution
		{13BC052D-B836-41C9-A7C9-06E977020624}.Debug|Any CPU.ActiveCfg = Debug|Any CPU
		{13BC052D-B836-41C9-A7C9-06E977020624}.Debug|Any CPU.Build.0 = Debug|Any CPU
		{13BC052D-B836-41C9-A7C9-06E977020624}.Release|Any CPU.ActiveCfg = Release|Any CPU
		{13BC052D-B836-41C9-A7C9-06E977020624}.Release|Any CPU.Build.0 = Release|Any CPU
	EndGlobalSection
	GlobalSection(SolutionProperties) = preSolution
		HideSolutionNode = FALSE
	EndGlobalSection
	GlobalSection(ExtensibilityGlobals) = postSolution
		SolutionGuid = {E40FD4B9-CC2C-4FE9-9F3C-F3964B4145AD}
	EndGlobalSection
EndGlobal
